// !$*UTF8*$!
{
	archiveVersion = 1;
	classes = {
	};
	objectVersion = 46;
	objects = {

/* Begin PBXBuildFile section */
		4A1543FB1D91B9DB0052706C /* Bitter.swift in Sources */ = {isa = PBXBuildFile; fileRef = 4A1543FA1D91B9DB0052706C /* Bitter.swift */; };
		4A55E89E1D379F6C0048B0C6 /* PreferencesWindowController.swift in Sources */ = {isa = PBXBuildFile; fileRef = 4A55E89C1D379F6C0048B0C6 /* PreferencesWindowController.swift */; };
		4A583ABC1D134B31005A4691 /* AppDelegate.swift in Sources */ = {isa = PBXBuildFile; fileRef = 4A583ABB1D134B31005A4691 /* AppDelegate.swift */; };
		4A583ABE1D134B31005A4691 /* Assets.xcassets in Resources */ = {isa = PBXBuildFile; fileRef = 4A583ABD1D134B31005A4691 /* Assets.xcassets */; };
		4A583AC11D134B31005A4691 /* MainMenu.xib in Resources */ = {isa = PBXBuildFile; fileRef = 4A583ABF1D134B31005A4691 /* MainMenu.xib */; };
		4A583AD51D139800005A4691 /* LIFXProtocol.swift in Sources */ = {isa = PBXBuildFile; fileRef = 4A583AD41D139800005A4691 /* LIFXProtocol.swift */; };
		4A5B5B541D37569F009CD119 /* StatusMenuController.swift in Sources */ = {isa = PBXBuildFile; fileRef = 4A5B5B531D37569F009CD119 /* StatusMenuController.swift */; };
		4A5B85101DE26039006A9C54 /* HudViewController.swift in Sources */ = {isa = PBXBuildFile; fileRef = 4A5B850E1DE26039006A9C54 /* HudViewController.swift */; };
		4A5B85121DE26047006A9C54 /* HudViewController.xib in Resources */ = {isa = PBXBuildFile; fileRef = 4A5B85141DE26047006A9C54 /* HudViewController.xib */; };
		4A5B85161DEA6DAE006A9C54 /* ColorWheel.swift in Sources */ = {isa = PBXBuildFile; fileRef = 4A5B85151DEA6DAE006A9C54 /* ColorWheel.swift */; };
		4A62C9881DD98C74000F77FE /* HudController.swift in Sources */ = {isa = PBXBuildFile; fileRef = 4A62C9861DD98C74000F77FE /* HudController.swift */; };
		4A62C98A1DD98C87000F77FE /* HudController.xib in Resources */ = {isa = PBXBuildFile; fileRef = 4A62C98C1DD98C87000F77FE /* HudController.xib */; };
		4A62C98D1DD98CAD000F77FE /* PreferencesWindowController.xib in Resources */ = {isa = PBXBuildFile; fileRef = 4A62C98F1DD98CAD000F77FE /* PreferencesWindowController.xib */; };
		4A62C9951DD995B2000F77FE /* StatusMenuItemViewController.swift in Sources */ = {isa = PBXBuildFile; fileRef = 4A62C9931DD995B2000F77FE /* StatusMenuItemViewController.swift */; };
		4A62C9971DD995C3000F77FE /* StatusMenuItemViewController.xib in Resources */ = {isa = PBXBuildFile; fileRef = 4A62C9991DD995C3000F77FE /* StatusMenuItemViewController.xib */; };
		4A62C99B1DD99F55000F77FE /* StatusMenuColorView.swift in Sources */ = {isa = PBXBuildFile; fileRef = 4A62C99A1DD99F55000F77FE /* StatusMenuColorView.swift */; };
		4A62C99E1DDAAB93000F77FE /* HighlightingView.swift in Sources */ = {isa = PBXBuildFile; fileRef = 4A62C99D1DDAAB93000F77FE /* HighlightingView.swift */; };
		4AA6BDC41D14C52300F0D0CF /* LIFXModel.swift in Sources */ = {isa = PBXBuildFile; fileRef = 4AA6BDC31D14C52300F0D0CF /* LIFXModel.swift */; };
/* End PBXBuildFile section */

/* Begin PBXCopyFilesBuildPhase section */
		4A7F2C881D1F9474001CCC71 /* Embed Frameworks */ = {
			isa = PBXCopyFilesBuildPhase;
			buildActionMask = 2147483647;
			dstPath = "";
			dstSubfolderSpec = 10;
			files = (
			);
			name = "Embed Frameworks";
			runOnlyForDeploymentPostprocessing = 0;
		};
/* End PBXCopyFilesBuildPhase section */

/* Begin PBXFileReference section */
		4A00EA971DF12CD80076EACD /* LIFX Remote.entitlements */ = {isa = PBXFileReference; lastKnownFileType = text.plist.entitlements; path = "LIFX Remote.entitlements"; sourceTree = "<group>"; };
		4A1543FA1D91B9DB0052706C /* Bitter.swift */ = {isa = PBXFileReference; fileEncoding = 4; lastKnownFileType = sourcecode.swift; path = Bitter.swift; sourceTree = "<group>"; };
		4A55E89C1D379F6C0048B0C6 /* PreferencesWindowController.swift */ = {isa = PBXFileReference; fileEncoding = 4; lastKnownFileType = sourcecode.swift; path = PreferencesWindowController.swift; sourceTree = "<group>"; };
		4A583AB81D134B31005A4691 /* LIFX Remote.app */ = {isa = PBXFileReference; explicitFileType = wrapper.application; includeInIndex = 0; path = "LIFX Remote.app"; sourceTree = BUILT_PRODUCTS_DIR; };
		4A583ABB1D134B31005A4691 /* AppDelegate.swift */ = {isa = PBXFileReference; lastKnownFileType = sourcecode.swift; path = AppDelegate.swift; sourceTree = "<group>"; };
		4A583ABD1D134B31005A4691 /* Assets.xcassets */ = {isa = PBXFileReference; lastKnownFileType = folder.assetcatalog; path = Assets.xcassets; sourceTree = "<group>"; };
		4A583AC01D134B31005A4691 /* Base */ = {isa = PBXFileReference; lastKnownFileType = file.xib; name = Base; path = Base.lproj/MainMenu.xib; sourceTree = "<group>"; };
		4A583AC21D134B31005A4691 /* Info.plist */ = {isa = PBXFileReference; lastKnownFileType = text.plist.xml; path = Info.plist; sourceTree = "<group>"; };
		4A583AD41D139800005A4691 /* LIFXProtocol.swift */ = {isa = PBXFileReference; fileEncoding = 4; lastKnownFileType = sourcecode.swift; path = LIFXProtocol.swift; sourceTree = "<group>"; };
		4A5B5B531D37569F009CD119 /* StatusMenuController.swift */ = {isa = PBXFileReference; fileEncoding = 4; lastKnownFileType = sourcecode.swift; path = StatusMenuController.swift; sourceTree = "<group>"; };
		4A5B850E1DE26039006A9C54 /* HudViewController.swift */ = {isa = PBXFileReference; fileEncoding = 4; lastKnownFileType = sourcecode.swift; path = HudViewController.swift; sourceTree = "<group>"; };
		4A5B85131DE26047006A9C54 /* Base */ = {isa = PBXFileReference; lastKnownFileType = file.xib; name = Base; path = Base.lproj/HudViewController.xib; sourceTree = "<group>"; };
		4A5B85151DEA6DAE006A9C54 /* ColorWheel.swift */ = {isa = PBXFileReference; fileEncoding = 4; lastKnownFileType = sourcecode.swift; path = ColorWheel.swift; sourceTree = "<group>"; };
		4A62C9861DD98C74000F77FE /* HudController.swift */ = {isa = PBXFileReference; fileEncoding = 4; lastKnownFileType = sourcecode.swift; path = HudController.swift; sourceTree = "<group>"; };
		4A62C98B1DD98C87000F77FE /* Base */ = {isa = PBXFileReference; lastKnownFileType = file.xib; name = Base; path = Base.lproj/HudController.xib; sourceTree = "<group>"; };
		4A62C98E1DD98CAD000F77FE /* Base */ = {isa = PBXFileReference; lastKnownFileType = file.xib; name = Base; path = Base.lproj/PreferencesWindowController.xib; sourceTree = "<group>"; };
		4A62C9931DD995B2000F77FE /* StatusMenuItemViewController.swift */ = {isa = PBXFileReference; fileEncoding = 4; lastKnownFileType = sourcecode.swift; path = StatusMenuItemViewController.swift; sourceTree = "<group>"; };
		4A62C9981DD995C3000F77FE /* Base */ = {isa = PBXFileReference; lastKnownFileType = file.xib; name = Base; path = Base.lproj/StatusMenuItemViewController.xib; sourceTree = "<group>"; };
		4A62C99A1DD99F55000F77FE /* StatusMenuColorView.swift */ = {isa = PBXFileReference; fileEncoding = 4; lastKnownFileType = sourcecode.swift; path = StatusMenuColorView.swift; sourceTree = "<group>"; };
		4A62C99C1DDA4EA3000F77FE /* README.md */ = {isa = PBXFileReference; lastKnownFileType = net.daringfireball.markdown; path = README.md; sourceTree = "<group>"; };
		4A62C99D1DDAAB93000F77FE /* HighlightingView.swift */ = {isa = PBXFileReference; fileEncoding = 4; lastKnownFileType = sourcecode.swift; path = HighlightingView.swift; sourceTree = "<group>"; };
		4AA6BDC31D14C52300F0D0CF /* LIFXModel.swift */ = {isa = PBXFileReference; fileEncoding = 4; lastKnownFileType = sourcecode.swift; path = LIFXModel.swift; sourceTree = "<group>"; };
/* End PBXFileReference section */

/* Begin PBXFrameworksBuildPhase section */
		4A583AB51D134B31005A4691 /* Frameworks */ = {
			isa = PBXFrameworksBuildPhase;
			buildActionMask = 2147483647;
			files = (
			);
			runOnlyForDeploymentPostprocessing = 0;
		};
/* End PBXFrameworksBuildPhase section */

/* Begin PBXGroup section */
		4A583AAF1D134B31005A4691 = {
			isa = PBXGroup;
			children = (
				4A62C99C1DDA4EA3000F77FE /* README.md */,
				4A583ABA1D134B31005A4691 /* LIFX Remote */,
				4A583AB91D134B31005A4691 /* Products */,
			);
			sourceTree = "<group>";
		};
		4A583AB91D134B31005A4691 /* Products */ = {
			isa = PBXGroup;
			children = (
				4A583AB81D134B31005A4691 /* LIFX Remote.app */,
			);
			name = Products;
			sourceTree = "<group>";
		};
		4A583ABA1D134B31005A4691 /* LIFX Remote */ = {
			isa = PBXGroup;
			children = (
				4A583ABB1D134B31005A4691 /* AppDelegate.swift */,
				4A5B5B531D37569F009CD119 /* StatusMenuController.swift */,
				4A583ABF1D134B31005A4691 /* MainMenu.xib */,
				4A62C9931DD995B2000F77FE /* StatusMenuItemViewController.swift */,
				4A62C9991DD995C3000F77FE /* StatusMenuItemViewController.xib */,
				4A62C99A1DD99F55000F77FE /* StatusMenuColorView.swift */,
				4A62C99D1DDAAB93000F77FE /* HighlightingView.swift */,
				4A62C9861DD98C74000F77FE /* HudController.swift */,
				4A62C98C1DD98C87000F77FE /* HudController.xib */,
				4A5B850E1DE26039006A9C54 /* HudViewController.swift */,
				4A5B85141DE26047006A9C54 /* HudViewController.xib */,
				4A5B85151DEA6DAE006A9C54 /* ColorWheel.swift */,
				4A55E89C1D379F6C0048B0C6 /* PreferencesWindowController.swift */,
				4A62C98F1DD98CAD000F77FE /* PreferencesWindowController.xib */,
				4AA6BDC31D14C52300F0D0CF /* LIFXModel.swift */,
				4A583AD41D139800005A4691 /* LIFXProtocol.swift */,
				4A1543FA1D91B9DB0052706C /* Bitter.swift */,
				4A583AC21D134B31005A4691 /* Info.plist */,
				4A00EA971DF12CD80076EACD /* LIFX Remote.entitlements */,
				4A583ABD1D134B31005A4691 /* Assets.xcassets */,
			);
			path = "LIFX Remote";
			sourceTree = "<group>";
		};
/* End PBXGroup section */

/* Begin PBXNativeTarget section */
		4A583AB71D134B31005A4691 /* LIFX Remote */ = {
			isa = PBXNativeTarget;
			buildConfigurationList = 4A583AC51D134B31005A4691 /* Build configuration list for PBXNativeTarget "LIFX Remote" */;
			buildPhases = (
				4A583AB41D134B31005A4691 /* Sources */,
				4A583AB51D134B31005A4691 /* Frameworks */,
				4A583AB61D134B31005A4691 /* Resources */,
				4A7F2C881D1F9474001CCC71 /* Embed Frameworks */,
			);
			buildRules = (
			);
			dependencies = (
			);
			name = "LIFX Remote";
			productName = "LIFX Remote";
			productReference = 4A583AB81D134B31005A4691 /* LIFX Remote.app */;
			productType = "com.apple.product-type.application";
		};
/* End PBXNativeTarget section */

/* Begin PBXProject section */
		4A583AB01D134B31005A4691 /* Project object */ = {
			isa = PBXProject;
			attributes = {
				LastSwiftUpdateCheck = 0730;
				LastUpgradeCheck = 0800;
				ORGANIZATIONNAME = Gofake1;
				TargetAttributes = {
					4A583AB71D134B31005A4691 = {
						CreatedOnToolsVersion = 7.3.1;
						DevelopmentTeam = W6KLMFETUQ;
						LastSwiftMigration = 0800;
						ProvisioningStyle = Automatic;
						SystemCapabilities = {
							com.apple.Sandbox = {
								enabled = 1;
							};
						};
					};
				};
			};
			buildConfigurationList = 4A583AB31D134B31005A4691 /* Build configuration list for PBXProject "LIFX Remote" */;
			compatibilityVersion = "Xcode 3.2";
			developmentRegion = English;
			hasScannedForEncodings = 0;
			knownRegions = (
				en,
				Base,
			);
			mainGroup = 4A583AAF1D134B31005A4691;
			productRefGroup = 4A583AB91D134B31005A4691 /* Products */;
			projectDirPath = "";
			projectRoot = "";
			targets = (
				4A583AB71D134B31005A4691 /* LIFX Remote */,
			);
		};
/* End PBXProject section */

/* Begin PBXResourcesBuildPhase section */
		4A583AB61D134B31005A4691 /* Resources */ = {
			isa = PBXResourcesBuildPhase;
			buildActionMask = 2147483647;
			files = (
				4A62C98D1DD98CAD000F77FE /* PreferencesWindowController.xib in Resources */,
				4A62C9971DD995C3000F77FE /* StatusMenuItemViewController.xib in Resources */,
				4A583ABE1D134B31005A4691 /* Assets.xcassets in Resources */,
				4A62C98A1DD98C87000F77FE /* HudController.xib in Resources */,
				4A5B85121DE26047006A9C54 /* HudViewController.xib in Resources */,
				4A583AC11D134B31005A4691 /* MainMenu.xib in Resources */,
			);
			runOnlyForDeploymentPostprocessing = 0;
		};
/* End PBXResourcesBuildPhase section */

/* Begin PBXSourcesBuildPhase section */
		4A583AB41D134B31005A4691 /* Sources */ = {
			isa = PBXSourcesBuildPhase;
			buildActionMask = 2147483647;
			files = (
				4AA6BDC41D14C52300F0D0CF /* LIFXModel.swift in Sources */,
				4A1543FB1D91B9DB0052706C /* Bitter.swift in Sources */,
				4A62C99B1DD99F55000F77FE /* StatusMenuColorView.swift in Sources */,
				4A62C9881DD98C74000F77FE /* HudController.swift in Sources */,
				4A5B5B541D37569F009CD119 /* StatusMenuController.swift in Sources */,
				4A5B85101DE26039006A9C54 /* HudViewController.swift in Sources */,
				4A583ABC1D134B31005A4691 /* AppDelegate.swift in Sources */,
				4A62C99E1DDAAB93000F77FE /* HighlightingView.swift in Sources */,
				4A62C9951DD995B2000F77FE /* StatusMenuItemViewController.swift in Sources */,
				4A55E89E1D379F6C0048B0C6 /* PreferencesWindowController.swift in Sources */,
				4A583AD51D139800005A4691 /* LIFXProtocol.swift in Sources */,
				4A5B85161DEA6DAE006A9C54 /* ColorWheel.swift in Sources */,
			);
			runOnlyForDeploymentPostprocessing = 0;
		};
/* End PBXSourcesBuildPhase section */

/* Begin PBXVariantGroup section */
		4A583ABF1D134B31005A4691 /* MainMenu.xib */ = {
			isa = PBXVariantGroup;
			children = (
				4A583AC01D134B31005A4691 /* Base */,
			);
			name = MainMenu.xib;
			sourceTree = "<group>";
		};
		4A5B85141DE26047006A9C54 /* HudViewController.xib */ = {
			isa = PBXVariantGroup;
			children = (
				4A5B85131DE26047006A9C54 /* Base */,
			);
			name = HudViewController.xib;
			sourceTree = "<group>";
		};
		4A62C98C1DD98C87000F77FE /* HudController.xib */ = {
			isa = PBXVariantGroup;
			children = (
				4A62C98B1DD98C87000F77FE /* Base */,
			);
			name = HudController.xib;
			sourceTree = "<group>";
		};
		4A62C98F1DD98CAD000F77FE /* PreferencesWindowController.xib */ = {
			isa = PBXVariantGroup;
			children = (
				4A62C98E1DD98CAD000F77FE /* Base */,
			);
			name = PreferencesWindowController.xib;
			sourceTree = "<group>";
		};
		4A62C9991DD995C3000F77FE /* StatusMenuItemViewController.xib */ = {
			isa = PBXVariantGroup;
			children = (
				4A62C9981DD995C3000F77FE /* Base */,
			);
			name = StatusMenuItemViewController.xib;
			sourceTree = "<group>";
		};
/* End PBXVariantGroup section */

/* Begin XCBuildConfiguration section */
		4A583AC31D134B31005A4691 /* Debug */ = {
			isa = XCBuildConfiguration;
			buildSettings = {
				ALWAYS_SEARCH_USER_PATHS = NO;
				CLANG_ANALYZER_NONNULL = YES;
				CLANG_CXX_LANGUAGE_STANDARD = "gnu++0x";
				CLANG_CXX_LIBRARY = "libc++";
				CLANG_ENABLE_MODULES = YES;
				CLANG_ENABLE_OBJC_ARC = YES;
				CLANG_WARN_BOOL_CONVERSION = YES;
				CLANG_WARN_CONSTANT_CONVERSION = YES;
				CLANG_WARN_DIRECT_OBJC_ISA_USAGE = YES_ERROR;
				CLANG_WARN_EMPTY_BODY = YES;
				CLANG_WARN_ENUM_CONVERSION = YES;
				CLANG_WARN_INFINITE_RECURSION = YES;
				CLANG_WARN_INT_CONVERSION = YES;
				CLANG_WARN_OBJC_ROOT_CLASS = YES_ERROR;
				CLANG_WARN_SUSPICIOUS_MOVE = YES;
				CLANG_WARN_UNREACHABLE_CODE = YES;
				CLANG_WARN__DUPLICATE_METHOD_MATCH = YES;
				CODE_SIGN_IDENTITY = "-";
				COPY_PHASE_STRIP = NO;
				DEBUG_INFORMATION_FORMAT = dwarf;
				ENABLE_STRICT_OBJC_MSGSEND = YES;
				ENABLE_TESTABILITY = YES;
				GCC_C_LANGUAGE_STANDARD = gnu99;
				GCC_DYNAMIC_NO_PIC = NO;
				GCC_NO_COMMON_BLOCKS = YES;
				GCC_OPTIMIZATION_LEVEL = 0;
				GCC_PREPROCESSOR_DEFINITIONS = (
					"DEBUG=1",
					"$(inherited)",
				);
				GCC_WARN_64_TO_32_BIT_CONVERSION = YES;
				GCC_WARN_ABOUT_RETURN_TYPE = YES_ERROR;
				GCC_WARN_UNDECLARED_SELECTOR = YES;
				GCC_WARN_UNINITIALIZED_AUTOS = YES_AGGRESSIVE;
				GCC_WARN_UNUSED_FUNCTION = YES;
				GCC_WARN_UNUSED_VARIABLE = YES;
				MACOSX_DEPLOYMENT_TARGET = 10.12;
				MTL_ENABLE_DEBUG_INFO = YES;
				ONLY_ACTIVE_ARCH = YES;
				SDKROOT = macosx;
				SWIFT_OPTIMIZATION_LEVEL = "-Onone";
			};
			name = Debug;
		};
		4A583AC41D134B31005A4691 /* Release */ = {
			isa = XCBuildConfiguration;
			buildSettings = {
				ALWAYS_SEARCH_USER_PATHS = NO;
				CLANG_ANALYZER_NONNULL = YES;
				CLANG_CXX_LANGUAGE_STANDARD = "gnu++0x";
				CLANG_CXX_LIBRARY = "libc++";
				CLANG_ENABLE_MODULES = YES;
				CLANG_ENABLE_OBJC_ARC = YES;
				CLANG_WARN_BOOL_CONVERSION = YES;
				CLANG_WARN_CONSTANT_CONVERSION = YES;
				CLANG_WARN_DIRECT_OBJC_ISA_USAGE = YES_ERROR;
				CLANG_WARN_EMPTY_BODY = YES;
				CLANG_WARN_ENUM_CONVERSION = YES;
				CLANG_WARN_INFINITE_RECURSION = YES;
				CLANG_WARN_INT_CONVERSION = YES;
				CLANG_WARN_OBJC_ROOT_CLASS = YES_ERROR;
				CLANG_WARN_SUSPICIOUS_MOVE = YES;
				CLANG_WARN_UNREACHABLE_CODE = YES;
				CLANG_WARN__DUPLICATE_METHOD_MATCH = YES;
				CODE_SIGN_IDENTITY = "-";
				COPY_PHASE_STRIP = NO;
				DEBUG_INFORMATION_FORMAT = "dwarf-with-dsym";
				ENABLE_NS_ASSERTIONS = NO;
				ENABLE_STRICT_OBJC_MSGSEND = YES;
				GCC_C_LANGUAGE_STANDARD = gnu99;
				GCC_NO_COMMON_BLOCKS = YES;
				GCC_WARN_64_TO_32_BIT_CONVERSION = YES;
				GCC_WARN_ABOUT_RETURN_TYPE = YES_ERROR;
				GCC_WARN_UNDECLARED_SELECTOR = YES;
				GCC_WARN_UNINITIALIZED_AUTOS = YES_AGGRESSIVE;
				GCC_WARN_UNUSED_FUNCTION = YES;
				GCC_WARN_UNUSED_VARIABLE = YES;
				MACOSX_DEPLOYMENT_TARGET = 10.12;
				MTL_ENABLE_DEBUG_INFO = NO;
				SDKROOT = macosx;
				SWIFT_OPTIMIZATION_LEVEL = "-Owholemodule";
			};
			name = Release;
		};
		4A583AC61D134B31005A4691 /* Debug */ = {
			isa = XCBuildConfiguration;
			buildSettings = {
				ASSETCATALOG_COMPILER_APPICON_NAME = AppIcon;
				CODE_SIGN_ENTITLEMENTS = "LIFX Remote/LIFX Remote.entitlements";
				CODE_SIGN_IDENTITY = "Mac Developer";
				COMBINE_HIDPI_IMAGES = YES;
				DEVELOPMENT_TEAM = W6KLMFETUQ;
				FRAMEWORK_SEARCH_PATHS = (
					"$(inherited)",
					"$(PROJECT_DIR)",
				);
				INFOPLIST_FILE = "LIFX Remote/Info.plist";
				LD_RUNPATH_SEARCH_PATHS = "$(inherited) @executable_path/../Frameworks @loader_path/../Frameworks";
				MACOSX_DEPLOYMENT_TARGET = 10.11;
				PRODUCT_BUNDLE_IDENTIFIER = "net.gofake1.LIFX-Remote";
				PRODUCT_NAME = "$(TARGET_NAME)";
				SWIFT_VERSION = 3.0;
			};
			name = Debug;
		};
		4A583AC71D134B31005A4691 /* Release */ = {
			isa = XCBuildConfiguration;
			buildSettings = {
				ASSETCATALOG_COMPILER_APPICON_NAME = AppIcon;
				CODE_SIGN_ENTITLEMENTS = "LIFX Remote/LIFX Remote.entitlements";
				CODE_SIGN_IDENTITY = "Mac Developer";
				COMBINE_HIDPI_IMAGES = YES;
				DEVELOPMENT_TEAM = W6KLMFETUQ;
				FRAMEWORK_SEARCH_PATHS = (
					"$(inherited)",
					"$(PROJECT_DIR)",
				);
				INFOPLIST_FILE = "LIFX Remote/Info.plist";
				LD_RUNPATH_SEARCH_PATHS = "$(inherited) @executable_path/../Frameworks @loader_path/../Frameworks";
				MACOSX_DEPLOYMENT_TARGET = 10.11;
				PRODUCT_BUNDLE_IDENTIFIER = "net.gofake1.LIFX-Remote";
				PRODUCT_NAME = "$(TARGET_NAME)";
				SWIFT_VERSION = 3.0;
			};
			name = Release;
		};
/* End XCBuildConfiguration section */

/* Begin XCConfigurationList section */
		4A583AB31D134B31005A4691 /* Build configuration list for PBXProject "LIFX Remote" */ = {
			isa = XCConfigurationList;
			buildConfigurations = (
				4A583AC31D134B31005A4691 /* Debug */,
				4A583AC41D134B31005A4691 /* Release */,
			);
			defaultConfigurationIsVisible = 0;
			defaultConfigurationName = Release;
		};
		4A583AC51D134B31005A4691 /* Build configuration list for PBXNativeTarget "LIFX Remote" */ = {
			isa = XCConfigurationList;
			buildConfigurations = (
				4A583AC61D134B31005A4691 /* Debug */,
				4A583AC71D134B31005A4691 /* Release */,
			);
			defaultConfigurationIsVisible = 0;
			defaultConfigurationName = Release;
		};
/* End XCConfigurationList section */
	};
	rootObject = 4A583AB01D134B31005A4691 /* Project object */;
}
