// !$*UTF8*$!
{
	archiveVersion = 1;
	classes = {
	};
	objectVersion = 46;
	objects = {

/* Begin PBXBuildFile section */
		4A1543FB1D91B9DB0052706C /* Bitter.swift in Sources */ = {isa = PBXBuildFile; fileRef = 4A1543FA1D91B9DB0052706C /* Bitter.swift */; };
		4A56A9E11E26C76B00A37C90 /* CheckboxTableCellView.swift in Sources */ = {isa = PBXBuildFile; fileRef = 4A56A9E01E26C76B00A37C90 /* CheckboxTableCellView.swift */; };
		4A56A9E31E27148C00A37C90 /* GroupDetailViewController.swift in Sources */ = {isa = PBXBuildFile; fileRef = 4A56A9E21E27148C00A37C90 /* GroupDetailViewController.swift */; };
		4A583ABC1D134B31005A4691 /* AppDelegate.swift in Sources */ = {isa = PBXBuildFile; fileRef = 4A583ABB1D134B31005A4691 /* AppDelegate.swift */; };
		4A583ABE1D134B31005A4691 /* Assets.xcassets in Resources */ = {isa = PBXBuildFile; fileRef = 4A583ABD1D134B31005A4691 /* Assets.xcassets */; };
		4A583AC11D134B31005A4691 /* MainMenu.xib in Resources */ = {isa = PBXBuildFile; fileRef = 4A583ABF1D134B31005A4691 /* MainMenu.xib */; };
		4A583AD51D139800005A4691 /* LIFXProtocol.swift in Sources */ = {isa = PBXBuildFile; fileRef = 4A583AD41D139800005A4691 /* LIFXProtocol.swift */; };
		4A5B5B541D37569F009CD119 /* StatusMenuController.swift in Sources */ = {isa = PBXBuildFile; fileRef = 4A5B5B531D37569F009CD119 /* StatusMenuController.swift */; };
		4A5B85161DEA6DAE006A9C54 /* ColorWheel.swift in Sources */ = {isa = PBXBuildFile; fileRef = 4A5B85151DEA6DAE006A9C54 /* ColorWheel.swift */; };
		4A61D0DB1E2200C10026221A /* AboutViewController.swift in Sources */ = {isa = PBXBuildFile; fileRef = 4A61D0DA1E2200C10026221A /* AboutViewController.swift */; };
		4A61D0E11E220B4E0026221A /* GeneralViewController.swift in Sources */ = {isa = PBXBuildFile; fileRef = 4A61D0E01E220B4E0026221A /* GeneralViewController.swift */; };
		4A61D0E41E220DB50026221A /* GroupsViewController.swift in Sources */ = {isa = PBXBuildFile; fileRef = 4A61D0E21E220DB50026221A /* GroupsViewController.swift */; };
		4A62C9881DD98C74000F77FE /* HudController.swift in Sources */ = {isa = PBXBuildFile; fileRef = 4A62C9861DD98C74000F77FE /* HudController.swift */; };
		4A62C98A1DD98C87000F77FE /* HudController.xib in Resources */ = {isa = PBXBuildFile; fileRef = 4A62C98C1DD98C87000F77FE /* HudController.xib */; };
		4A62C99B1DD99F55000F77FE /* StatusMenuItemColorView.swift in Sources */ = {isa = PBXBuildFile; fileRef = 4A62C99A1DD99F55000F77FE /* StatusMenuItemColorView.swift */; };
		4A70F4D21E10CFDA0026ED27 /* Preferences.storyboard in Resources */ = {isa = PBXBuildFile; fileRef = 4A70F4D41E10CFDA0026ED27 /* Preferences.storyboard */; };
		4A8147A31E1CCF0900118BB7 /* LIFXGroup.swift in Sources */ = {isa = PBXBuildFile; fileRef = 4A8147A21E1CCF0900118BB7 /* LIFXGroup.swift */; };
		4A90B7DA1E380557004E24CE /* CSV.swift in Sources */ = {isa = PBXBuildFile; fileRef = 4A90B7D91E380557004E24CE /* CSV.swift */; };
		4A9B7FCA1F1426480041AE92 /* NSColor+.swift in Sources */ = {isa = PBXBuildFile; fileRef = 4A9B7FC91F1426480041AE92 /* NSColor+.swift */; };
		4AA2DBAE1E3EC4F2002406BC /* Acknowledgements.rtf in Resources */ = {isa = PBXBuildFile; fileRef = 4AA2DBAD1E3EC4F2002406BC /* Acknowledgements.rtf */; };
		4AA517A11DFA3C1600C148C4 /* LIFXDevice.swift in Sources */ = {isa = PBXBuildFile; fileRef = 4AA517A01DFA3C1600C148C4 /* LIFXDevice.swift */; };
		4AA6BDC41D14C52300F0D0CF /* LIFXModel.swift in Sources */ = {isa = PBXBuildFile; fileRef = 4AA6BDC31D14C52300F0D0CF /* LIFXModel.swift */; };
		4AAE71631DF64FEC00BC795A /* ReactiveCocoa.framework in Frameworks */ = {isa = PBXBuildFile; fileRef = 4A00EA9A1DF2CF010076EACD /* ReactiveCocoa.framework */; };
		4AAE71641DF64FEC00BC795A /* ReactiveSwift.framework in Frameworks */ = {isa = PBXBuildFile; fileRef = 4A00EA9B1DF2CF010076EACD /* ReactiveSwift.framework */; };
		4AAE71671DF651E500BC795A /* ReactiveCocoa.framework in Embed Frameworks */ = {isa = PBXBuildFile; fileRef = 4A00EA9A1DF2CF010076EACD /* ReactiveCocoa.framework */; settings = {ATTRIBUTES = (CodeSignOnCopy, RemoveHeadersOnCopy, ); }; };
		4AAE71691DF651E500BC795A /* ReactiveSwift.framework in Embed Frameworks */ = {isa = PBXBuildFile; fileRef = 4A00EA9B1DF2CF010076EACD /* ReactiveSwift.framework */; settings = {ATTRIBUTES = (CodeSignOnCopy, RemoveHeadersOnCopy, ); }; };
		4AAE716A1DF651E500BC795A /* Result.framework in Frameworks */ = {isa = PBXBuildFile; fileRef = 4A00EA9C1DF2CF010076EACD /* Result.framework */; };
		4AAE716B1DF651E500BC795A /* Result.framework in Embed Frameworks */ = {isa = PBXBuildFile; fileRef = 4A00EA9C1DF2CF010076EACD /* Result.framework */; settings = {ATTRIBUTES = (CodeSignOnCopy, RemoveHeadersOnCopy, ); }; };
		4AEC75D41F136CA200AD8CD7 /* GroupHudViewController.xib in Resources */ = {isa = PBXBuildFile; fileRef = 4AEC75D31F136C9E00AD8CD7 /* GroupHudViewController.xib */; };
		4AEC75D51F136CAE00AD8CD7 /* DeviceMenuItemViewController.xib in Resources */ = {isa = PBXBuildFile; fileRef = 4AEC75CF1F136C8A00AD8CD7 /* DeviceMenuItemViewController.xib */; };
		4AEC75D61F136CB400AD8CD7 /* DeviceMenuItemViewController.swift in Sources */ = {isa = PBXBuildFile; fileRef = 4AEC75C21F136B6D00AD8CD7 /* DeviceMenuItemViewController.swift */; };
		4AEC75D71F136CBB00AD8CD7 /* GroupMenuItemViewController.swift in Sources */ = {isa = PBXBuildFile; fileRef = 4AEC75C51F136BC000AD8CD7 /* GroupMenuItemViewController.swift */; };
		4AEC75D81F136CC000AD8CD7 /* GroupMenuItemViewController.xib in Resources */ = {isa = PBXBuildFile; fileRef = 4AEC75D11F136C9500AD8CD7 /* GroupMenuItemViewController.xib */; };
		4AEC75D91F136CE100AD8CD7 /* DeviceHudViewController.xib in Resources */ = {isa = PBXBuildFile; fileRef = 4AEC75C81F136BEA00AD8CD7 /* DeviceHudViewController.xib */; };
		4AEC75DA1F136E4C00AD8CD7 /* DeviceHudViewController.swift in Sources */ = {isa = PBXBuildFile; fileRef = 4AEC75C31F136B8000AD8CD7 /* DeviceHudViewController.swift */; };
		4AEC75DB1F136E5000AD8CD7 /* GroupHudViewController.swift in Sources */ = {isa = PBXBuildFile; fileRef = 4AEC75C41F136BB100AD8CD7 /* GroupHudViewController.swift */; };
/* End PBXBuildFile section */

/* Begin PBXCopyFilesBuildPhase section */
		4A7F2C881D1F9474001CCC71 /* Embed Frameworks */ = {
			isa = PBXCopyFilesBuildPhase;
			buildActionMask = 2147483647;
			dstPath = "";
			dstSubfolderSpec = 10;
			files = (
				4AAE716B1DF651E500BC795A /* Result.framework in Embed Frameworks */,
				4AAE71671DF651E500BC795A /* ReactiveCocoa.framework in Embed Frameworks */,
				4AAE71691DF651E500BC795A /* ReactiveSwift.framework in Embed Frameworks */,
			);
			name = "Embed Frameworks";
			runOnlyForDeploymentPostprocessing = 0;
		};
/* End PBXCopyFilesBuildPhase section */

/* Begin PBXFileReference section */
		4A00EA971DF12CD80076EACD /* Remote Control for LIFX.entitlements */ = {isa = PBXFileReference; lastKnownFileType = text.plist.entitlements; path = "Remote Control for LIFX.entitlements"; sourceTree = "<group>"; };
		4A00EA9A1DF2CF010076EACD /* ReactiveCocoa.framework */ = {isa = PBXFileReference; lastKnownFileType = wrapper.framework; name = ReactiveCocoa.framework; path = Carthage/Build/Mac/ReactiveCocoa.framework; sourceTree = "<group>"; };
		4A00EA9B1DF2CF010076EACD /* ReactiveSwift.framework */ = {isa = PBXFileReference; lastKnownFileType = wrapper.framework; name = ReactiveSwift.framework; path = Carthage/Build/Mac/ReactiveSwift.framework; sourceTree = "<group>"; };
		4A00EA9C1DF2CF010076EACD /* Result.framework */ = {isa = PBXFileReference; lastKnownFileType = wrapper.framework; name = Result.framework; path = Carthage/Build/Mac/Result.framework; sourceTree = "<group>"; };
		4A1543FA1D91B9DB0052706C /* Bitter.swift */ = {isa = PBXFileReference; fileEncoding = 4; lastKnownFileType = sourcecode.swift; path = Bitter.swift; sourceTree = "<group>"; };
		4A56A9E01E26C76B00A37C90 /* CheckboxTableCellView.swift */ = {isa = PBXFileReference; fileEncoding = 4; lastKnownFileType = sourcecode.swift; path = CheckboxTableCellView.swift; sourceTree = "<group>"; };
		4A56A9E21E27148C00A37C90 /* GroupDetailViewController.swift */ = {isa = PBXFileReference; fileEncoding = 4; lastKnownFileType = sourcecode.swift; path = GroupDetailViewController.swift; sourceTree = "<group>"; };
		4A583AB81D134B31005A4691 /* Remote Control for LIFX.app */ = {isa = PBXFileReference; explicitFileType = wrapper.application; includeInIndex = 0; path = "Remote Control for LIFX.app"; sourceTree = BUILT_PRODUCTS_DIR; };
		4A583ABB1D134B31005A4691 /* AppDelegate.swift */ = {isa = PBXFileReference; lastKnownFileType = sourcecode.swift; path = AppDelegate.swift; sourceTree = "<group>"; };
		4A583ABD1D134B31005A4691 /* Assets.xcassets */ = {isa = PBXFileReference; lastKnownFileType = folder.assetcatalog; path = Assets.xcassets; sourceTree = "<group>"; };
		4A583AC01D134B31005A4691 /* Base */ = {isa = PBXFileReference; lastKnownFileType = file.xib; name = Base; path = Base.lproj/MainMenu.xib; sourceTree = "<group>"; };
		4A583AC21D134B31005A4691 /* Info.plist */ = {isa = PBXFileReference; lastKnownFileType = text.plist.xml; path = Info.plist; sourceTree = "<group>"; };
		4A583AD41D139800005A4691 /* LIFXProtocol.swift */ = {isa = PBXFileReference; fileEncoding = 4; lastKnownFileType = sourcecode.swift; path = LIFXProtocol.swift; sourceTree = "<group>"; };
		4A5B5B531D37569F009CD119 /* StatusMenuController.swift */ = {isa = PBXFileReference; fileEncoding = 4; lastKnownFileType = sourcecode.swift; path = StatusMenuController.swift; sourceTree = "<group>"; };
		4A5B85151DEA6DAE006A9C54 /* ColorWheel.swift */ = {isa = PBXFileReference; fileEncoding = 4; lastKnownFileType = sourcecode.swift; path = ColorWheel.swift; sourceTree = "<group>"; };
		4A5CB2BF1DFD213E00F8530E /* Changelog.md */ = {isa = PBXFileReference; explicitFileType = net.daringfireball.markdown; path = Changelog.md; sourceTree = "<group>"; };
		4A61D0DA1E2200C10026221A /* AboutViewController.swift */ = {isa = PBXFileReference; fileEncoding = 4; lastKnownFileType = sourcecode.swift; path = AboutViewController.swift; sourceTree = "<group>"; };
		4A61D0E01E220B4E0026221A /* GeneralViewController.swift */ = {isa = PBXFileReference; fileEncoding = 4; lastKnownFileType = sourcecode.swift; path = GeneralViewController.swift; sourceTree = "<group>"; };
		4A61D0E21E220DB50026221A /* GroupsViewController.swift */ = {isa = PBXFileReference; fileEncoding = 4; lastKnownFileType = sourcecode.swift; path = GroupsViewController.swift; sourceTree = "<group>"; };
		4A62C9861DD98C74000F77FE /* HudController.swift */ = {isa = PBXFileReference; fileEncoding = 4; lastKnownFileType = sourcecode.swift; path = HudController.swift; sourceTree = "<group>"; };
		4A62C98B1DD98C87000F77FE /* Base */ = {isa = PBXFileReference; lastKnownFileType = file.xib; name = Base; path = Base.lproj/HudController.xib; sourceTree = "<group>"; };
		4A62C99A1DD99F55000F77FE /* StatusMenuItemColorView.swift */ = {isa = PBXFileReference; fileEncoding = 4; lastKnownFileType = sourcecode.swift; path = StatusMenuItemColorView.swift; sourceTree = "<group>"; };
		4A62C99C1DDA4EA3000F77FE /* README.md */ = {isa = PBXFileReference; lastKnownFileType = net.daringfireball.markdown; path = README.md; sourceTree = "<group>"; };
		4A70F4D31E10CFDA0026ED27 /* Base */ = {isa = PBXFileReference; lastKnownFileType = file.storyboard; name = Base; path = Base.lproj/Preferences.storyboard; sourceTree = "<group>"; };
		4A8147A21E1CCF0900118BB7 /* LIFXGroup.swift */ = {isa = PBXFileReference; fileEncoding = 4; lastKnownFileType = sourcecode.swift; path = LIFXGroup.swift; sourceTree = "<group>"; };
		4A90B7D91E380557004E24CE /* CSV.swift */ = {isa = PBXFileReference; fileEncoding = 4; lastKnownFileType = sourcecode.swift; path = CSV.swift; sourceTree = "<group>"; };
		4A9B7FC91F1426480041AE92 /* NSColor+.swift */ = {isa = PBXFileReference; lastKnownFileType = sourcecode.swift; path = "NSColor+.swift"; sourceTree = "<group>"; };
		4AA2DBAD1E3EC4F2002406BC /* Acknowledgements.rtf */ = {isa = PBXFileReference; fileEncoding = 4; lastKnownFileType = text.rtf; path = Acknowledgements.rtf; sourceTree = "<group>"; };
		4AA517A01DFA3C1600C148C4 /* LIFXDevice.swift */ = {isa = PBXFileReference; fileEncoding = 4; lastKnownFileType = sourcecode.swift; path = LIFXDevice.swift; sourceTree = "<group>"; };
		4AA6BDC31D14C52300F0D0CF /* LIFXModel.swift */ = {isa = PBXFileReference; fileEncoding = 4; lastKnownFileType = sourcecode.swift; path = LIFXModel.swift; sourceTree = "<group>"; };
		4AEC75C21F136B6D00AD8CD7 /* DeviceMenuItemViewController.swift */ = {isa = PBXFileReference; lastKnownFileType = sourcecode.swift; path = DeviceMenuItemViewController.swift; sourceTree = "<group>"; };
		4AEC75C31F136B8000AD8CD7 /* DeviceHudViewController.swift */ = {isa = PBXFileReference; lastKnownFileType = sourcecode.swift; path = DeviceHudViewController.swift; sourceTree = "<group>"; };
		4AEC75C41F136BB100AD8CD7 /* GroupHudViewController.swift */ = {isa = PBXFileReference; lastKnownFileType = sourcecode.swift; path = GroupHudViewController.swift; sourceTree = "<group>"; };
		4AEC75C51F136BC000AD8CD7 /* GroupMenuItemViewController.swift */ = {isa = PBXFileReference; lastKnownFileType = sourcecode.swift; path = GroupMenuItemViewController.swift; sourceTree = "<group>"; };
		4AEC75C71F136BEA00AD8CD7 /* Base */ = {isa = PBXFileReference; lastKnownFileType = file.xib; name = Base; path = Base.lproj/DeviceHudViewController.xib; sourceTree = "<group>"; };
		4AEC75CE1F136C8A00AD8CD7 /* Base */ = {isa = PBXFileReference; lastKnownFileType = file.xib; name = Base; path = Base.lproj/DeviceMenuItemViewController.xib; sourceTree = "<group>"; };
		4AEC75D01F136C9500AD8CD7 /* Base */ = {isa = PBXFileReference; lastKnownFileType = file.xib; name = Base; path = Base.lproj/GroupMenuItemViewController.xib; sourceTree = "<group>"; };
		4AEC75D21F136C9E00AD8CD7 /* Base */ = {isa = PBXFileReference; lastKnownFileType = file.xib; name = Base; path = Base.lproj/GroupHudViewController.xib; sourceTree = "<group>"; };
/* End PBXFileReference section */

/* Begin PBXFrameworksBuildPhase section */
		4A583AB51D134B31005A4691 /* Frameworks */ = {
			isa = PBXFrameworksBuildPhase;
			buildActionMask = 2147483647;
			files = (
				4AAE71631DF64FEC00BC795A /* ReactiveCocoa.framework in Frameworks */,
				4AAE71641DF64FEC00BC795A /* ReactiveSwift.framework in Frameworks */,
				4AAE716A1DF651E500BC795A /* Result.framework in Frameworks */,
			);
			runOnlyForDeploymentPostprocessing = 0;
		};
/* End PBXFrameworksBuildPhase section */

/* Begin PBXGroup section */
		4A00EA991DF2CF000076EACD /* Frameworks */ = {
			isa = PBXGroup;
			children = (
				4A00EA9A1DF2CF010076EACD /* ReactiveCocoa.framework */,
				4A00EA9B1DF2CF010076EACD /* ReactiveSwift.framework */,
				4A00EA9C1DF2CF010076EACD /* Result.framework */,
			);
			name = Frameworks;
			sourceTree = "<group>";
		};
		4A56A9E41E28497100A37C90 /* Custom Views */ = {
			isa = PBXGroup;
			children = (
				4A56A9E01E26C76B00A37C90 /* CheckboxTableCellView.swift */,
				4A5B85151DEA6DAE006A9C54 /* ColorWheel.swift */,
				4A62C99A1DD99F55000F77FE /* StatusMenuItemColorView.swift */,
			);
			name = "Custom Views";
			sourceTree = "<group>";
		};
		4A583AAF1D134B31005A4691 = {
			isa = PBXGroup;
			children = (
				4A62C99C1DDA4EA3000F77FE /* README.md */,
				4A5CB2BF1DFD213E00F8530E /* Changelog.md */,
				4A583ABA1D134B31005A4691 /* Remote Control for LIFX */,
				4A00EA991DF2CF000076EACD /* Frameworks */,
				4A583AB91D134B31005A4691 /* Products */,
			);
			sourceTree = "<group>";
		};
		4A583AB91D134B31005A4691 /* Products */ = {
			isa = PBXGroup;
			children = (
				4A583AB81D134B31005A4691 /* Remote Control for LIFX.app */,
			);
			name = Products;
			sourceTree = "<group>";
		};
		4A583ABA1D134B31005A4691 /* Remote Control for LIFX */ = {
			isa = PBXGroup;
			children = (
				4A583ABB1D134B31005A4691 /* AppDelegate.swift */,
				4A5B5B531D37569F009CD119 /* StatusMenuController.swift */,
				4A583ABF1D134B31005A4691 /* MainMenu.xib */,
				4AEC75C21F136B6D00AD8CD7 /* DeviceMenuItemViewController.swift */,
				4AEC75CF1F136C8A00AD8CD7 /* DeviceMenuItemViewController.xib */,
				4AEC75C51F136BC000AD8CD7 /* GroupMenuItemViewController.swift */,
				4AEC75D11F136C9500AD8CD7 /* GroupMenuItemViewController.xib */,
				4A62C9861DD98C74000F77FE /* HudController.swift */,
				4A62C98C1DD98C87000F77FE /* HudController.xib */,
				4AEC75C31F136B8000AD8CD7 /* DeviceHudViewController.swift */,
				4AEC75C81F136BEA00AD8CD7 /* DeviceHudViewController.xib */,
				4AEC75C41F136BB100AD8CD7 /* GroupHudViewController.swift */,
				4AEC75D31F136C9E00AD8CD7 /* GroupHudViewController.xib */,
				4A61D0E01E220B4E0026221A /* GeneralViewController.swift */,
				4A61D0E21E220DB50026221A /* GroupsViewController.swift */,
				4A56A9E21E27148C00A37C90 /* GroupDetailViewController.swift */,
				4A61D0DA1E2200C10026221A /* AboutViewController.swift */,
				4A70F4D41E10CFDA0026ED27 /* Preferences.storyboard */,
				4AA6BDC31D14C52300F0D0CF /* LIFXModel.swift */,
				4AA517A01DFA3C1600C148C4 /* LIFXDevice.swift */,
				4A8147A21E1CCF0900118BB7 /* LIFXGroup.swift */,
				4A583AD41D139800005A4691 /* LIFXProtocol.swift */,
				4A90B7D91E380557004E24CE /* CSV.swift */,
				4A1543FA1D91B9DB0052706C /* Bitter.swift */,
				4A9B7FC91F1426480041AE92 /* NSColor+.swift */,
				4A56A9E41E28497100A37C90 /* Custom Views */,
				4AA2DBAD1E3EC4F2002406BC /* Acknowledgements.rtf */,
				4A583AC21D134B31005A4691 /* Info.plist */,
				4A00EA971DF12CD80076EACD /* Remote Control for LIFX.entitlements */,
				4A583ABD1D134B31005A4691 /* Assets.xcassets */,
			);
			name = "Remote Control for LIFX";
			path = "LIFX Remote";
			sourceTree = "<group>";
		};
/* End PBXGroup section */

/* Begin PBXNativeTarget section */
		4A583AB71D134B31005A4691 /* Remote Control for LIFX */ = {
			isa = PBXNativeTarget;
			buildConfigurationList = 4A583AC51D134B31005A4691 /* Build configuration list for PBXNativeTarget "Remote Control for LIFX" */;
			buildPhases = (
				4A583AB41D134B31005A4691 /* Sources */,
				4A583AB51D134B31005A4691 /* Frameworks */,
				4A583AB61D134B31005A4691 /* Resources */,
				4A7F2C881D1F9474001CCC71 /* Embed Frameworks */,
			);
			buildRules = (
			);
			dependencies = (
			);
			name = "Remote Control for LIFX";
			productName = "LIFX Remote";
			productReference = 4A583AB81D134B31005A4691 /* Remote Control for LIFX.app */;
			productType = "com.apple.product-type.application";
		};
/* End PBXNativeTarget section */

/* Begin PBXProject section */
		4A583AB01D134B31005A4691 /* Project object */ = {
			isa = PBXProject;
			attributes = {
				LastSwiftUpdateCheck = 0730;
				LastUpgradeCheck = 0900;
				ORGANIZATIONNAME = Gofake1;
				TargetAttributes = {
					4A583AB71D134B31005A4691 = {
						CreatedOnToolsVersion = 7.3.1;
						DevelopmentTeam = W6KLMFETUQ;
						LastSwiftMigration = 0900;
						ProvisioningStyle = Automatic;
						SystemCapabilities = {
							com.apple.Sandbox = {
								enabled = 1;
							};
						};
					};
				};
			};
			buildConfigurationList = 4A583AB31D134B31005A4691 /* Build configuration list for PBXProject "Remote Control for LIFX" */;
			compatibilityVersion = "Xcode 3.2";
			developmentRegion = English;
			hasScannedForEncodings = 0;
			knownRegions = (
				en,
				Base,
			);
			mainGroup = 4A583AAF1D134B31005A4691;
			productRefGroup = 4A583AB91D134B31005A4691 /* Products */;
			projectDirPath = "";
			projectRoot = "";
			targets = (
				4A583AB71D134B31005A4691 /* Remote Control for LIFX */,
			);
		};
/* End PBXProject section */

/* Begin PBXResourcesBuildPhase section */
		4A583AB61D134B31005A4691 /* Resources */ = {
			isa = PBXResourcesBuildPhase;
			buildActionMask = 2147483647;
			files = (
				4AEC75D91F136CE100AD8CD7 /* DeviceHudViewController.xib in Resources */,
				4AEC75D51F136CAE00AD8CD7 /* DeviceMenuItemViewController.xib in Resources */,
				4AA2DBAE1E3EC4F2002406BC /* Acknowledgements.rtf in Resources */,
				4A70F4D21E10CFDA0026ED27 /* Preferences.storyboard in Resources */,
				4AEC75D41F136CA200AD8CD7 /* GroupHudViewController.xib in Resources */,
				4A583ABE1D134B31005A4691 /* Assets.xcassets in Resources */,
				4A62C98A1DD98C87000F77FE /* HudController.xib in Resources */,
				4A583AC11D134B31005A4691 /* MainMenu.xib in Resources */,
				4AEC75D81F136CC000AD8CD7 /* GroupMenuItemViewController.xib in Resources */,
			);
			runOnlyForDeploymentPostprocessing = 0;
		};
/* End PBXResourcesBuildPhase section */

/* Begin PBXSourcesBuildPhase section */
		4A583AB41D134B31005A4691 /* Sources */ = {
			isa = PBXSourcesBuildPhase;
			buildActionMask = 2147483647;
			files = (
				4AEC75DB1F136E5000AD8CD7 /* GroupHudViewController.swift in Sources */,
				4AEC75DA1F136E4C00AD8CD7 /* DeviceHudViewController.swift in Sources */,
				4AA6BDC41D14C52300F0D0CF /* LIFXModel.swift in Sources */,
				4A1543FB1D91B9DB0052706C /* Bitter.swift in Sources */,
				4A8147A31E1CCF0900118BB7 /* LIFXGroup.swift in Sources */,
				4A61D0E11E220B4E0026221A /* GeneralViewController.swift in Sources */,
				4AEC75D71F136CBB00AD8CD7 /* GroupMenuItemViewController.swift in Sources */,
				4A61D0DB1E2200C10026221A /* AboutViewController.swift in Sources */,
				4A9B7FCA1F1426480041AE92 /* NSColor+.swift in Sources */,
				4AA517A11DFA3C1600C148C4 /* LIFXDevice.swift in Sources */,
				4A56A9E31E27148C00A37C90 /* GroupDetailViewController.swift in Sources */,
				4A90B7DA1E380557004E24CE /* CSV.swift in Sources */,
				4A62C99B1DD99F55000F77FE /* StatusMenuItemColorView.swift in Sources */,
				4A62C9881DD98C74000F77FE /* HudController.swift in Sources */,
				4A5B5B541D37569F009CD119 /* StatusMenuController.swift in Sources */,
				4A583ABC1D134B31005A4691 /* AppDelegate.swift in Sources */,
				4A56A9E11E26C76B00A37C90 /* CheckboxTableCellView.swift in Sources */,
				4AEC75D61F136CB400AD8CD7 /* DeviceMenuItemViewController.swift in Sources */,
				4A61D0E41E220DB50026221A /* GroupsViewController.swift in Sources */,
				4A583AD51D139800005A4691 /* LIFXProtocol.swift in Sources */,
				4A5B85161DEA6DAE006A9C54 /* ColorWheel.swift in Sources */,
			);
			runOnlyForDeploymentPostprocessing = 0;
		};
/* End PBXSourcesBuildPhase section */

/* Begin PBXVariantGroup section */
		4A583ABF1D134B31005A4691 /* MainMenu.xib */ = {
			isa = PBXVariantGroup;
			children = (
				4A583AC01D134B31005A4691 /* Base */,
			);
			name = MainMenu.xib;
			sourceTree = "<group>";
		};
		4A62C98C1DD98C87000F77FE /* HudController.xib */ = {
			isa = PBXVariantGroup;
			children = (
				4A62C98B1DD98C87000F77FE /* Base */,
			);
			name = HudController.xib;
			sourceTree = "<group>";
		};
		4A70F4D41E10CFDA0026ED27 /* Preferences.storyboard */ = {
			isa = PBXVariantGroup;
			children = (
				4A70F4D31E10CFDA0026ED27 /* Base */,
			);
			name = Preferences.storyboard;
			sourceTree = "<group>";
		};
		4AEC75C81F136BEA00AD8CD7 /* DeviceHudViewController.xib */ = {
			isa = PBXVariantGroup;
			children = (
				4AEC75C71F136BEA00AD8CD7 /* Base */,
			);
			name = DeviceHudViewController.xib;
			sourceTree = "<group>";
		};
		4AEC75CF1F136C8A00AD8CD7 /* DeviceMenuItemViewController.xib */ = {
			isa = PBXVariantGroup;
			children = (
				4AEC75CE1F136C8A00AD8CD7 /* Base */,
			);
			name = DeviceMenuItemViewController.xib;
			sourceTree = "<group>";
		};
		4AEC75D11F136C9500AD8CD7 /* GroupMenuItemViewController.xib */ = {
			isa = PBXVariantGroup;
			children = (
				4AEC75D01F136C9500AD8CD7 /* Base */,
			);
			name = GroupMenuItemViewController.xib;
			sourceTree = "<group>";
		};
		4AEC75D31F136C9E00AD8CD7 /* GroupHudViewController.xib */ = {
			isa = PBXVariantGroup;
			children = (
				4AEC75D21F136C9E00AD8CD7 /* Base */,
			);
			name = GroupHudViewController.xib;
			sourceTree = "<group>";
		};
/* End PBXVariantGroup section */

/* Begin XCBuildConfiguration section */
		4A583AC31D134B31005A4691 /* Debug */ = {
			isa = XCBuildConfiguration;
			buildSettings = {
				ALWAYS_SEARCH_USER_PATHS = NO;
				CLANG_ANALYZER_NONNULL = YES;
				CLANG_CXX_LANGUAGE_STANDARD = "gnu++0x";
				CLANG_CXX_LIBRARY = "libc++";
				CLANG_ENABLE_MODULES = YES;
				CLANG_ENABLE_OBJC_ARC = YES;
				CLANG_WARN_BLOCK_CAPTURE_AUTORELEASING = YES;
				CLANG_WARN_BOOL_CONVERSION = YES;
				CLANG_WARN_COMMA = YES;
				CLANG_WARN_CONSTANT_CONVERSION = YES;
				CLANG_WARN_DIRECT_OBJC_ISA_USAGE = YES_ERROR;
				CLANG_WARN_EMPTY_BODY = YES;
				CLANG_WARN_ENUM_CONVERSION = YES;
				CLANG_WARN_INFINITE_RECURSION = YES;
				CLANG_WARN_INT_CONVERSION = YES;
				CLANG_WARN_NON_LITERAL_NULL_CONVERSION = YES;
				CLANG_WARN_OBJC_LITERAL_CONVERSION = YES;
				CLANG_WARN_OBJC_ROOT_CLASS = YES_ERROR;
				CLANG_WARN_RANGE_LOOP_ANALYSIS = YES;
				CLANG_WARN_STRICT_PROTOTYPES = YES;
				CLANG_WARN_SUSPICIOUS_MOVE = YES;
				CLANG_WARN_UNREACHABLE_CODE = YES;
				CLANG_WARN__DUPLICATE_METHOD_MATCH = YES;
				CODE_SIGN_IDENTITY = "-";
				COPY_PHASE_STRIP = NO;
				DEBUG_INFORMATION_FORMAT = dwarf;
				ENABLE_STRICT_OBJC_MSGSEND = YES;
				ENABLE_TESTABILITY = YES;
				GCC_C_LANGUAGE_STANDARD = gnu99;
				GCC_DYNAMIC_NO_PIC = NO;
				GCC_NO_COMMON_BLOCKS = YES;
				GCC_OPTIMIZATION_LEVEL = 0;
				GCC_PREPROCESSOR_DEFINITIONS = (
					"DEBUG=1",
					"$(inherited)",
				);
				GCC_WARN_64_TO_32_BIT_CONVERSION = YES;
				GCC_WARN_ABOUT_RETURN_TYPE = YES_ERROR;
				GCC_WARN_UNDECLARED_SELECTOR = YES;
				GCC_WARN_UNINITIALIZED_AUTOS = YES_AGGRESSIVE;
				GCC_WARN_UNUSED_FUNCTION = YES;
				GCC_WARN_UNUSED_VARIABLE = YES;
				MACOSX_DEPLOYMENT_TARGET = 10.11;
				MTL_ENABLE_DEBUG_INFO = YES;
				ONLY_ACTIVE_ARCH = YES;
				SDKROOT = macosx;
				SWIFT_OPTIMIZATION_LEVEL = "-Onone";
				SWIFT_VERSION = 4.0;
			};
			name = Debug;
		};
		4A583AC41D134B31005A4691 /* Release */ = {
			isa = XCBuildConfiguration;
			buildSettings = {
				ALWAYS_SEARCH_USER_PATHS = NO;
				CLANG_ANALYZER_NONNULL = YES;
				CLANG_CXX_LANGUAGE_STANDARD = "gnu++0x";
				CLANG_CXX_LIBRARY = "libc++";
				CLANG_ENABLE_MODULES = YES;
				CLANG_ENABLE_OBJC_ARC = YES;
				CLANG_WARN_BLOCK_CAPTURE_AUTORELEASING = YES;
				CLANG_WARN_BOOL_CONVERSION = YES;
				CLANG_WARN_COMMA = YES;
				CLANG_WARN_CONSTANT_CONVERSION = YES;
				CLANG_WARN_DIRECT_OBJC_ISA_USAGE = YES_ERROR;
				CLANG_WARN_EMPTY_BODY = YES;
				CLANG_WARN_ENUM_CONVERSION = YES;
				CLANG_WARN_INFINITE_RECURSION = YES;
				CLANG_WARN_INT_CONVERSION = YES;
				CLANG_WARN_NON_LITERAL_NULL_CONVERSION = YES;
				CLANG_WARN_OBJC_LITERAL_CONVERSION = YES;
				CLANG_WARN_OBJC_ROOT_CLASS = YES_ERROR;
				CLANG_WARN_RANGE_LOOP_ANALYSIS = YES;
				CLANG_WARN_STRICT_PROTOTYPES = YES;
				CLANG_WARN_SUSPICIOUS_MOVE = YES;
				CLANG_WARN_UNREACHABLE_CODE = YES;
				CLANG_WARN__DUPLICATE_METHOD_MATCH = YES;
				CODE_SIGN_IDENTITY = "-";
				COPY_PHASE_STRIP = NO;
				DEBUG_INFORMATION_FORMAT = "dwarf-with-dsym";
				ENABLE_NS_ASSERTIONS = NO;
				ENABLE_STRICT_OBJC_MSGSEND = YES;
				GCC_C_LANGUAGE_STANDARD = gnu99;
				GCC_NO_COMMON_BLOCKS = YES;
				GCC_WARN_64_TO_32_BIT_CONVERSION = YES;
				GCC_WARN_ABOUT_RETURN_TYPE = YES_ERROR;
				GCC_WARN_UNDECLARED_SELECTOR = YES;
				GCC_WARN_UNINITIALIZED_AUTOS = YES_AGGRESSIVE;
				GCC_WARN_UNUSED_FUNCTION = YES;
				GCC_WARN_UNUSED_VARIABLE = YES;
				MACOSX_DEPLOYMENT_TARGET = 10.11;
				MTL_ENABLE_DEBUG_INFO = NO;
				SDKROOT = macosx;
				SWIFT_OPTIMIZATION_LEVEL = "-Owholemodule";
				SWIFT_VERSION = 4.0;
			};
			name = Release;
		};
		4A583AC61D134B31005A4691 /* Debug */ = {
			isa = XCBuildConfiguration;
			buildSettings = {
				ASSETCATALOG_COMPILER_APPICON_NAME = AppIcon;
				CODE_SIGN_ENTITLEMENTS = "LIFX Remote/Remote Control for LIFX.entitlements";
				CODE_SIGN_IDENTITY = "Mac Developer";
				COMBINE_HIDPI_IMAGES = YES;
				DEVELOPMENT_TEAM = W6KLMFETUQ;
				FRAMEWORK_SEARCH_PATHS = (
					"$(inherited)",
					"$(PROJECT_DIR)",
					"$(PROJECT_DIR)/Carthage/Build/Mac",
				);
				INFOPLIST_FILE = "LIFX Remote/Info.plist";
				LD_RUNPATH_SEARCH_PATHS = "$(inherited) @executable_path/../Frameworks @loader_path/../Frameworks";
				MACOSX_DEPLOYMENT_TARGET = 10.11;
				PRODUCT_BUNDLE_IDENTIFIER = "net.gofake1.LIFX-Remote";
				PRODUCT_NAME = "$(TARGET_NAME)";
				SWIFT_SWIFT3_OBJC_INFERENCE = Default;
				SWIFT_VERSION = 4.0;
			};
			name = Debug;
		};
		4A583AC71D134B31005A4691 /* Release */ = {
			isa = XCBuildConfiguration;
			buildSettings = {
				ASSETCATALOG_COMPILER_APPICON_NAME = AppIcon;
				CODE_SIGN_ENTITLEMENTS = "LIFX Remote/Remote Control for LIFX.entitlements";
				CODE_SIGN_IDENTITY = "Mac Developer";
				COMBINE_HIDPI_IMAGES = YES;
				DEVELOPMENT_TEAM = W6KLMFETUQ;
				FRAMEWORK_SEARCH_PATHS = (
					"$(inherited)",
					"$(PROJECT_DIR)",
					"$(PROJECT_DIR)/Carthage/Build/Mac",
				);
				INFOPLIST_FILE = "LIFX Remote/Info.plist";
				LD_RUNPATH_SEARCH_PATHS = "$(inherited) @executable_path/../Frameworks @loader_path/../Frameworks";
				MACOSX_DEPLOYMENT_TARGET = 10.11;
				PRODUCT_BUNDLE_IDENTIFIER = "net.gofake1.LIFX-Remote";
				PRODUCT_NAME = "$(TARGET_NAME)";
				SWIFT_SWIFT3_OBJC_INFERENCE = Default;
				SWIFT_VERSION = 4.0;
			};
			name = Release;
		};
/* End XCBuildConfiguration section */

/* Begin XCConfigurationList section */
		4A583AB31D134B31005A4691 /* Build configuration list for PBXProject "Remote Control for LIFX" */ = {
			isa = XCConfigurationList;
			buildConfigurations = (
				4A583AC31D134B31005A4691 /* Debug */,
				4A583AC41D134B31005A4691 /* Release */,
			);
			defaultConfigurationIsVisible = 0;
			defaultConfigurationName = Release;
		};
		4A583AC51D134B31005A4691 /* Build configuration list for PBXNativeTarget "Remote Control for LIFX" */ = {
			isa = XCConfigurationList;
			buildConfigurations = (
				4A583AC61D134B31005A4691 /* Debug */,
				4A583AC71D134B31005A4691 /* Release */,
			);
			defaultConfigurationIsVisible = 0;
			defaultConfigurationName = Release;
		};
/* End XCConfigurationList section */
	};
	rootObject = 4A583AB01D134B31005A4691 /* Project object */;
}
